// !$*UTF8*$!
{
	archiveVersion = 1;
	classes = {
	};
	objectVersion = 56;
	objects = {

/* Begin PBXBuildFile section */
		043680012B198D6800556702 /* GoogleUserAuth.swift in Sources */ = {isa = PBXBuildFile; fileRef = 043680002B198D6800556702 /* GoogleUserAuth.swift */; };
		043680062B198EBC00556702 /* ProfileView.swift in Sources */ = {isa = PBXBuildFile; fileRef = 043680052B198EBC00556702 /* ProfileView.swift */; };
		043680082B19952400556702 /* CameraView.swift in Sources */ = {isa = PBXBuildFile; fileRef = 043680072B19952400556702 /* CameraView.swift */; };
		04E21EE92B1EEBBF0095B1FA /* NetworkManager.swift in Sources */ = {isa = PBXBuildFile; fileRef = 04E21EE82B1EEBBF0095B1FA /* NetworkManager.swift */; };
		1ABA50C5B90694516BCA9348 /* Pods_FoundIt.framework in Frameworks */ = {isa = PBXBuildFile; fileRef = D8768C883D22FCED919FFF39 /* Pods_FoundIt.framework */; };
		CE5A368F2B18414D006CD0DF /* ForumView.swift in Sources */ = {isa = PBXBuildFile; fileRef = CE5A368E2B18414D006CD0DF /* ForumView.swift */; };
		CE5A36912B185606006CD0DF /* NavBar.swift in Sources */ = {isa = PBXBuildFile; fileRef = CE5A36902B185606006CD0DF /* NavBar.swift */; };
		CE5A36932B185A41006CD0DF /* PostStruct.swift in Sources */ = {isa = PBXBuildFile; fileRef = CE5A36922B185A41006CD0DF /* PostStruct.swift */; };
		CE5A36952B185FA4006CD0DF /* PostItem.swift in Sources */ = {isa = PBXBuildFile; fileRef = CE5A36942B185FA4006CD0DF /* PostItem.swift */; };
		CEC157D52B17C61700B23D14 /* FoundItApp.swift in Sources */ = {isa = PBXBuildFile; fileRef = CEC157D42B17C61700B23D14 /* FoundItApp.swift */; };
		CEC157D72B17C61700B23D14 /* ContentView.swift in Sources */ = {isa = PBXBuildFile; fileRef = CEC157D62B17C61700B23D14 /* ContentView.swift */; };
		CEC157D92B17C61800B23D14 /* Assets.xcassets in Resources */ = {isa = PBXBuildFile; fileRef = CEC157D82B17C61800B23D14 /* Assets.xcassets */; };
		CEC157DC2B17C61800B23D14 /* Preview Assets.xcassets in Resources */ = {isa = PBXBuildFile; fileRef = CEC157DB2B17C61800B23D14 /* Preview Assets.xcassets */; };
		CEFD31DA2B193C37003C7611 /* PostView.swift in Sources */ = {isa = PBXBuildFile; fileRef = CEFD31D92B193C37003C7611 /* PostView.swift */; };
/* End PBXBuildFile section */

/* Begin PBXFileReference section */
		043680002B198D6800556702 /* GoogleUserAuth.swift */ = {isa = PBXFileReference; fileEncoding = 4; lastKnownFileType = sourcecode.swift; path = GoogleUserAuth.swift; sourceTree = "<group>"; };
		043680022B198DAE00556702 /* Info.plist */ = {isa = PBXFileReference; lastKnownFileType = text.plist.xml; path = Info.plist; sourceTree = "<group>"; };
		043680052B198EBC00556702 /* ProfileView.swift */ = {isa = PBXFileReference; fileEncoding = 4; lastKnownFileType = sourcecode.swift; path = ProfileView.swift; sourceTree = "<group>"; };
		043680072B19952400556702 /* CameraView.swift */ = {isa = PBXFileReference; lastKnownFileType = sourcecode.swift; path = CameraView.swift; sourceTree = "<group>"; };
		04E21EE82B1EEBBF0095B1FA /* NetworkManager.swift */ = {isa = PBXFileReference; lastKnownFileType = sourcecode.swift; path = NetworkManager.swift; sourceTree = "<group>"; };
		6CCB11396200AFB984EB4224 /* Pods-FoundIt.release.xcconfig */ = {isa = PBXFileReference; includeInIndex = 1; lastKnownFileType = text.xcconfig; name = "Pods-FoundIt.release.xcconfig"; path = "Target Support Files/Pods-FoundIt/Pods-FoundIt.release.xcconfig"; sourceTree = "<group>"; };
		9F1CC1941076EBB22105C7DA /* Pods-FoundIt.debug.xcconfig */ = {isa = PBXFileReference; includeInIndex = 1; lastKnownFileType = text.xcconfig; name = "Pods-FoundIt.debug.xcconfig"; path = "Target Support Files/Pods-FoundIt/Pods-FoundIt.debug.xcconfig"; sourceTree = "<group>"; };
		CE5A368E2B18414D006CD0DF /* ForumView.swift */ = {isa = PBXFileReference; lastKnownFileType = sourcecode.swift; path = ForumView.swift; sourceTree = "<group>"; };
		CE5A36902B185606006CD0DF /* NavBar.swift */ = {isa = PBXFileReference; lastKnownFileType = sourcecode.swift; path = NavBar.swift; sourceTree = "<group>"; };
		CE5A36922B185A41006CD0DF /* PostStruct.swift */ = {isa = PBXFileReference; lastKnownFileType = sourcecode.swift; path = PostStruct.swift; sourceTree = "<group>"; };
		CE5A36942B185FA4006CD0DF /* PostItem.swift */ = {isa = PBXFileReference; lastKnownFileType = sourcecode.swift; path = PostItem.swift; sourceTree = "<group>"; };
		CEC157D12B17C61700B23D14 /* FoundIt.app */ = {isa = PBXFileReference; explicitFileType = wrapper.application; includeInIndex = 0; path = FoundIt.app; sourceTree = BUILT_PRODUCTS_DIR; };
		CEC157D42B17C61700B23D14 /* FoundItApp.swift */ = {isa = PBXFileReference; lastKnownFileType = sourcecode.swift; path = FoundItApp.swift; sourceTree = "<group>"; };
		CEC157D62B17C61700B23D14 /* ContentView.swift */ = {isa = PBXFileReference; lastKnownFileType = sourcecode.swift; path = ContentView.swift; sourceTree = "<group>"; };
		CEC157D82B17C61800B23D14 /* Assets.xcassets */ = {isa = PBXFileReference; lastKnownFileType = folder.assetcatalog; path = Assets.xcassets; sourceTree = "<group>"; };
		CEC157DB2B17C61800B23D14 /* Preview Assets.xcassets */ = {isa = PBXFileReference; lastKnownFileType = folder.assetcatalog; path = "Preview Assets.xcassets"; sourceTree = "<group>"; };
		CEFD31D92B193C37003C7611 /* PostView.swift */ = {isa = PBXFileReference; lastKnownFileType = sourcecode.swift; path = PostView.swift; sourceTree = "<group>"; };
		D8768C883D22FCED919FFF39 /* Pods_FoundIt.framework */ = {isa = PBXFileReference; explicitFileType = wrapper.framework; includeInIndex = 0; path = Pods_FoundIt.framework; sourceTree = BUILT_PRODUCTS_DIR; };
/* End PBXFileReference section */

/* Begin PBXFrameworksBuildPhase section */
		CEC157CE2B17C61700B23D14 /* Frameworks */ = {
			isa = PBXFrameworksBuildPhase;
			buildActionMask = 2147483647;
			files = (
				1ABA50C5B90694516BCA9348 /* Pods_FoundIt.framework in Frameworks */,
			);
			runOnlyForDeploymentPostprocessing = 0;
		};
/* End PBXFrameworksBuildPhase section */

/* Begin PBXGroup section */
		29B5FF476323114555FBFE80 /* Pods */ = {
			isa = PBXGroup;
			children = (
				9F1CC1941076EBB22105C7DA /* Pods-FoundIt.debug.xcconfig */,
				6CCB11396200AFB984EB4224 /* Pods-FoundIt.release.xcconfig */,
			);
			path = Pods;
			sourceTree = "<group>";
		};
		CEC157C82B17C61700B23D14 = {
			isa = PBXGroup;
			children = (
				CEC157D32B17C61700B23D14 /* FoundIt */,
				CEC157D22B17C61700B23D14 /* Products */,
				29B5FF476323114555FBFE80 /* Pods */,
				FB7DBE39C6B2701A5526D084 /* Frameworks */,
			);
			sourceTree = "<group>";
		};
		CEC157D22B17C61700B23D14 /* Products */ = {
			isa = PBXGroup;
			children = (
				CEC157D12B17C61700B23D14 /* FoundIt.app */,
			);
			name = Products;
			sourceTree = "<group>";
		};
		CEC157D32B17C61700B23D14 /* FoundIt */ = {
			isa = PBXGroup;
			children = (
				043680022B198DAE00556702 /* Info.plist */,
				CEC157D42B17C61700B23D14 /* FoundItApp.swift */,
				CEC157D62B17C61700B23D14 /* ContentView.swift */,
				CE5A368E2B18414D006CD0DF /* ForumView.swift */,
				CEFD31D92B193C37003C7611 /* PostView.swift */,
				CE5A36902B185606006CD0DF /* NavBar.swift */,
				CE5A36942B185FA4006CD0DF /* PostItem.swift */,
				CE5A36922B185A41006CD0DF /* PostStruct.swift */,
				043680002B198D6800556702 /* GoogleUserAuth.swift */,
				043680052B198EBC00556702 /* ProfileView.swift */,
				CEC157D82B17C61800B23D14 /* Assets.xcassets */,
				CEC157DA2B17C61800B23D14 /* Preview Content */,
				043680072B19952400556702 /* CameraView.swift */,
				04E21EE82B1EEBBF0095B1FA /* NetworkManager.swift */,
			);
			path = FoundIt;
			sourceTree = "<group>";
		};
		CEC157DA2B17C61800B23D14 /* Preview Content */ = {
			isa = PBXGroup;
			children = (
				CEC157DB2B17C61800B23D14 /* Preview Assets.xcassets */,
			);
			path = "Preview Content";
			sourceTree = "<group>";
		};
		FB7DBE39C6B2701A5526D084 /* Frameworks */ = {
			isa = PBXGroup;
			children = (
				D8768C883D22FCED919FFF39 /* Pods_FoundIt.framework */,
			);
			name = Frameworks;
			sourceTree = "<group>";
		};
/* End PBXGroup section */

/* Begin PBXNativeTarget section */
		CEC157D02B17C61700B23D14 /* FoundIt */ = {
			isa = PBXNativeTarget;
			buildConfigurationList = CEC157DF2B17C61800B23D14 /* Build configuration list for PBXNativeTarget "FoundIt" */;
			buildPhases = (
				E2F83A874D4E41D70E053BEB /* [CP] Check Pods Manifest.lock */,
				CEC157CD2B17C61700B23D14 /* Sources */,
				CEC157CE2B17C61700B23D14 /* Frameworks */,
				CEC157CF2B17C61700B23D14 /* Resources */,
				78BB5036977C5346734D95ED /* [CP] Embed Pods Frameworks */,
			);
			buildRules = (
			);
			dependencies = (
			);
			name = FoundIt;
			productName = FoundIt;
			productReference = CEC157D12B17C61700B23D14 /* FoundIt.app */;
			productType = "com.apple.product-type.application";
		};
/* End PBXNativeTarget section */

/* Begin PBXProject section */
		CEC157C92B17C61700B23D14 /* Project object */ = {
			isa = PBXProject;
			attributes = {
				BuildIndependentTargetsInParallel = 1;
				LastSwiftUpdateCheck = 1500;
				LastUpgradeCheck = 1500;
				TargetAttributes = {
					CEC157D02B17C61700B23D14 = {
						CreatedOnToolsVersion = 15.0.1;
					};
				};
			};
			buildConfigurationList = CEC157CC2B17C61700B23D14 /* Build configuration list for PBXProject "FoundIt" */;
			compatibilityVersion = "Xcode 14.0";
			developmentRegion = en;
			hasScannedForEncodings = 0;
			knownRegions = (
				en,
				Base,
			);
			mainGroup = CEC157C82B17C61700B23D14;
			productRefGroup = CEC157D22B17C61700B23D14 /* Products */;
			projectDirPath = "";
			projectRoot = "";
			targets = (
				CEC157D02B17C61700B23D14 /* FoundIt */,
			);
		};
/* End PBXProject section */

/* Begin PBXResourcesBuildPhase section */
		CEC157CF2B17C61700B23D14 /* Resources */ = {
			isa = PBXResourcesBuildPhase;
			buildActionMask = 2147483647;
			files = (
				CEC157DC2B17C61800B23D14 /* Preview Assets.xcassets in Resources */,
				CEC157D92B17C61800B23D14 /* Assets.xcassets in Resources */,
			);
			runOnlyForDeploymentPostprocessing = 0;
		};
/* End PBXResourcesBuildPhase section */

/* Begin PBXShellScriptBuildPhase section */
		78BB5036977C5346734D95ED /* [CP] Embed Pods Frameworks */ = {
			isa = PBXShellScriptBuildPhase;
			buildActionMask = 2147483647;
			files = (
			);
			inputFileListPaths = (
				"${PODS_ROOT}/Target Support Files/Pods-FoundIt/Pods-FoundIt-frameworks-${CONFIGURATION}-input-files.xcfilelist",
			);
			name = "[CP] Embed Pods Frameworks";
			outputFileListPaths = (
				"${PODS_ROOT}/Target Support Files/Pods-FoundIt/Pods-FoundIt-frameworks-${CONFIGURATION}-output-files.xcfilelist",
			);
			runOnlyForDeploymentPostprocessing = 0;
			shellPath = /bin/sh;
			shellScript = "\"${PODS_ROOT}/Target Support Files/Pods-FoundIt/Pods-FoundIt-frameworks.sh\"\n";
			showEnvVarsInLog = 0;
		};
		E2F83A874D4E41D70E053BEB /* [CP] Check Pods Manifest.lock */ = {
			isa = PBXShellScriptBuildPhase;
			buildActionMask = 2147483647;
			files = (
			);
			inputFileListPaths = (
			);
			inputPaths = (
				"${PODS_PODFILE_DIR_PATH}/Podfile.lock",
				"${PODS_ROOT}/Manifest.lock",
			);
			name = "[CP] Check Pods Manifest.lock";
			outputFileListPaths = (
			);
			outputPaths = (
				"$(DERIVED_FILE_DIR)/Pods-FoundIt-checkManifestLockResult.txt",
			);
			runOnlyForDeploymentPostprocessing = 0;
			shellPath = /bin/sh;
			shellScript = "diff \"${PODS_PODFILE_DIR_PATH}/Podfile.lock\" \"${PODS_ROOT}/Manifest.lock\" > /dev/null\nif [ $? != 0 ] ; then\n    # print error to STDERR\n    echo \"error: The sandbox is not in sync with the Podfile.lock. Run 'pod install' or update your CocoaPods installation.\" >&2\n    exit 1\nfi\n# This output is used by Xcode 'outputs' to avoid re-running this script phase.\necho \"SUCCESS\" > \"${SCRIPT_OUTPUT_FILE_0}\"\n";
			showEnvVarsInLog = 0;
		};
/* End PBXShellScriptBuildPhase section */

/* Begin PBXSourcesBuildPhase section */
		CEC157CD2B17C61700B23D14 /* Sources */ = {
			isa = PBXSourcesBuildPhase;
			buildActionMask = 2147483647;
			files = (
				CEFD31DA2B193C37003C7611 /* PostView.swift in Sources */,
				CE5A36952B185FA4006CD0DF /* PostItem.swift in Sources */,
				CEC157D72B17C61700B23D14 /* ContentView.swift in Sources */,
				CE5A36912B185606006CD0DF /* NavBar.swift in Sources */,
				04E21EE92B1EEBBF0095B1FA /* NetworkManager.swift in Sources */,
				043680012B198D6800556702 /* GoogleUserAuth.swift in Sources */,
				CE5A368F2B18414D006CD0DF /* ForumView.swift in Sources */,
				043680082B19952400556702 /* CameraView.swift in Sources */,
				CEC157D52B17C61700B23D14 /* FoundItApp.swift in Sources */,
				043680062B198EBC00556702 /* ProfileView.swift in Sources */,
				CE5A36932B185A41006CD0DF /* PostStruct.swift in Sources */,
			);
			runOnlyForDeploymentPostprocessing = 0;
		};
/* End PBXSourcesBuildPhase section */

/* Begin XCBuildConfiguration section */
		CEC157DD2B17C61800B23D14 /* Debug */ = {
			isa = XCBuildConfiguration;
			buildSettings = {
				ALWAYS_SEARCH_USER_PATHS = NO;
				ASSETCATALOG_COMPILER_GENERATE_SWIFT_ASSET_SYMBOL_EXTENSIONS = YES;
				CLANG_ANALYZER_NONNULL = YES;
				CLANG_ANALYZER_NUMBER_OBJECT_CONVERSION = YES_AGGRESSIVE;
				CLANG_CXX_LANGUAGE_STANDARD = "gnu++20";
				CLANG_ENABLE_MODULES = YES;
				CLANG_ENABLE_OBJC_ARC = YES;
				CLANG_ENABLE_OBJC_WEAK = YES;
				CLANG_WARN_BLOCK_CAPTURE_AUTORELEASING = YES;
				CLANG_WARN_BOOL_CONVERSION = YES;
				CLANG_WARN_COMMA = YES;
				CLANG_WARN_CONSTANT_CONVERSION = YES;
				CLANG_WARN_DEPRECATED_OBJC_IMPLEMENTATIONS = YES;
				CLANG_WARN_DIRECT_OBJC_ISA_USAGE = YES_ERROR;
				CLANG_WARN_DOCUMENTATION_COMMENTS = YES;
				CLANG_WARN_EMPTY_BODY = YES;
				CLANG_WARN_ENUM_CONVERSION = YES;
				CLANG_WARN_INFINITE_RECURSION = YES;
				CLANG_WARN_INT_CONVERSION = YES;
				CLANG_WARN_NON_LITERAL_NULL_CONVERSION = YES;
				CLANG_WARN_OBJC_IMPLICIT_RETAIN_SELF = YES;
				CLANG_WARN_OBJC_LITERAL_CONVERSION = YES;
				CLANG_WARN_OBJC_ROOT_CLASS = YES_ERROR;
				CLANG_WARN_QUOTED_INCLUDE_IN_FRAMEWORK_HEADER = YES;
				CLANG_WARN_RANGE_LOOP_ANALYSIS = YES;
				CLANG_WARN_STRICT_PROTOTYPES = YES;
				CLANG_WARN_SUSPICIOUS_MOVE = YES;
				CLANG_WARN_UNGUARDED_AVAILABILITY = YES_AGGRESSIVE;
				CLANG_WARN_UNREACHABLE_CODE = YES;
				CLANG_WARN__DUPLICATE_METHOD_MATCH = YES;
				COPY_PHASE_STRIP = NO;
				DEBUG_INFORMATION_FORMAT = dwarf;
				ENABLE_STRICT_OBJC_MSGSEND = YES;
				ENABLE_TESTABILITY = YES;
				ENABLE_USER_SCRIPT_SANDBOXING = NO;
				GCC_C_LANGUAGE_STANDARD = gnu17;
				GCC_DYNAMIC_NO_PIC = NO;
				GCC_NO_COMMON_BLOCKS = YES;
				GCC_OPTIMIZATION_LEVEL = 0;
				GCC_PREPROCESSOR_DEFINITIONS = (
					"DEBUG=1",
					"$(inherited)",
				);
				GCC_WARN_64_TO_32_BIT_CONVERSION = YES;
				GCC_WARN_ABOUT_RETURN_TYPE = YES_ERROR;
				GCC_WARN_UNDECLARED_SELECTOR = YES;
				GCC_WARN_UNINITIALIZED_AUTOS = YES_AGGRESSIVE;
				GCC_WARN_UNUSED_FUNCTION = YES;
				GCC_WARN_UNUSED_VARIABLE = YES;
				IPHONEOS_DEPLOYMENT_TARGET = 17.0;
				LOCALIZATION_PREFERS_STRING_CATALOGS = YES;
				MTL_ENABLE_DEBUG_INFO = INCLUDE_SOURCE;
				MTL_FAST_MATH = YES;
				ONLY_ACTIVE_ARCH = YES;
				SDKROOT = iphoneos;
				SWIFT_ACTIVE_COMPILATION_CONDITIONS = "DEBUG $(inherited)";
				SWIFT_OPTIMIZATION_LEVEL = "-Onone";
			};
			name = Debug;
		};
		CEC157DE2B17C61800B23D14 /* Release */ = {
			isa = XCBuildConfiguration;
			buildSettings = {
				ALWAYS_SEARCH_USER_PATHS = NO;
				ASSETCATALOG_COMPILER_GENERATE_SWIFT_ASSET_SYMBOL_EXTENSIONS = YES;
				CLANG_ANALYZER_NONNULL = YES;
				CLANG_ANALYZER_NUMBER_OBJECT_CONVERSION = YES_AGGRESSIVE;
				CLANG_CXX_LANGUAGE_STANDARD = "gnu++20";
				CLANG_ENABLE_MODULES = YES;
				CLANG_ENABLE_OBJC_ARC = YES;
				CLANG_ENABLE_OBJC_WEAK = YES;
				CLANG_WARN_BLOCK_CAPTURE_AUTORELEASING = YES;
				CLANG_WARN_BOOL_CONVERSION = YES;
				CLANG_WARN_COMMA = YES;
				CLANG_WARN_CONSTANT_CONVERSION = YES;
				CLANG_WARN_DEPRECATED_OBJC_IMPLEMENTATIONS = YES;
				CLANG_WARN_DIRECT_OBJC_ISA_USAGE = YES_ERROR;
				CLANG_WARN_DOCUMENTATION_COMMENTS = YES;
				CLANG_WARN_EMPTY_BODY = YES;
				CLANG_WARN_ENUM_CONVERSION = YES;
				CLANG_WARN_INFINITE_RECURSION = YES;
				CLANG_WARN_INT_CONVERSION = YES;
				CLANG_WARN_NON_LITERAL_NULL_CONVERSION = YES;
				CLANG_WARN_OBJC_IMPLICIT_RETAIN_SELF = YES;
				CLANG_WARN_OBJC_LITERAL_CONVERSION = YES;
				CLANG_WARN_OBJC_ROOT_CLASS = YES_ERROR;
				CLANG_WARN_QUOTED_INCLUDE_IN_FRAMEWORK_HEADER = YES;
				CLANG_WARN_RANGE_LOOP_ANALYSIS = YES;
				CLANG_WARN_STRICT_PROTOTYPES = YES;
				CLANG_WARN_SUSPICIOUS_MOVE = YES;
				CLANG_WARN_UNGUARDED_AVAILABILITY = YES_AGGRESSIVE;
				CLANG_WARN_UNREACHABLE_CODE = YES;
				CLANG_WARN__DUPLICATE_METHOD_MATCH = YES;
				COPY_PHASE_STRIP = NO;
				DEBUG_INFORMATION_FORMAT = "dwarf-with-dsym";
				ENABLE_NS_ASSERTIONS = NO;
				ENABLE_STRICT_OBJC_MSGSEND = YES;
				ENABLE_USER_SCRIPT_SANDBOXING = NO;
				GCC_C_LANGUAGE_STANDARD = gnu17;
				GCC_NO_COMMON_BLOCKS = YES;
				GCC_WARN_64_TO_32_BIT_CONVERSION = YES;
				GCC_WARN_ABOUT_RETURN_TYPE = YES_ERROR;
				GCC_WARN_UNDECLARED_SELECTOR = YES;
				GCC_WARN_UNINITIALIZED_AUTOS = YES_AGGRESSIVE;
				GCC_WARN_UNUSED_FUNCTION = YES;
				GCC_WARN_UNUSED_VARIABLE = YES;
				IPHONEOS_DEPLOYMENT_TARGET = 17.0;
				LOCALIZATION_PREFERS_STRING_CATALOGS = YES;
				MTL_ENABLE_DEBUG_INFO = NO;
				MTL_FAST_MATH = YES;
				SDKROOT = iphoneos;
				SWIFT_COMPILATION_MODE = wholemodule;
				VALIDATE_PRODUCT = YES;
			};
			name = Release;
		};
		CEC157E02B17C61800B23D14 /* Debug */ = {
			isa = XCBuildConfiguration;
			baseConfigurationReference = 9F1CC1941076EBB22105C7DA /* Pods-FoundIt.debug.xcconfig */;
			buildSettings = {
				ASSETCATALOG_COMPILER_APPICON_NAME = AppIcon;
				ASSETCATALOG_COMPILER_GLOBAL_ACCENT_COLOR_NAME = AccentColor;
				CODE_SIGN_STYLE = Automatic;
				CURRENT_PROJECT_VERSION = 1;
				DEVELOPMENT_ASSET_PATHS = "\"FoundIt/Preview Content\"";
				DEVELOPMENT_TEAM = 98JYHMUJJY;
				ENABLE_PREVIEWS = YES;
				GENERATE_INFOPLIST_FILE = YES;
				INFOPLIST_FILE = FoundIt/Info.plist;
				INFOPLIST_KEY_NSCameraUsageDescription = "Allow camera access to take photos";
				INFOPLIST_KEY_UIApplicationSceneManifest_Generation = YES;
				INFOPLIST_KEY_UIApplicationSupportsIndirectInputEvents = YES;
				INFOPLIST_KEY_UILaunchScreen_Generation = YES;
				INFOPLIST_KEY_UISupportedInterfaceOrientations = UIInterfaceOrientationPortrait;
				IPHONEOS_DEPLOYMENT_TARGET = 17.0;
				LD_RUNPATH_SEARCH_PATHS = (
					"$(inherited)",
					"@executable_path/Frameworks",
				);
				MARKETING_VERSION = 1.0;
				PRODUCT_BUNDLE_IDENTIFIER = com.tanyaaravind.FoundIt;
				PRODUCT_NAME = "$(TARGET_NAME)";
				SWIFT_EMIT_LOC_STRINGS = YES;
				SWIFT_VERSION = 5.0;
				TARGETED_DEVICE_FAMILY = "1,2";
			};
			name = Debug;
		};
		CEC157E12B17C61800B23D14 /* Release */ = {
			isa = XCBuildConfiguration;
			baseConfigurationReference = 6CCB11396200AFB984EB4224 /* Pods-FoundIt.release.xcconfig */;
			buildSettings = {
				ASSETCATALOG_COMPILER_APPICON_NAME = AppIcon;
				ASSETCATALOG_COMPILER_GLOBAL_ACCENT_COLOR_NAME = AccentColor;
				CODE_SIGN_STYLE = Automatic;
				CURRENT_PROJECT_VERSION = 1;
				DEVELOPMENT_ASSET_PATHS = "\"FoundIt/Preview Content\"";
				DEVELOPMENT_TEAM = 98JYHMUJJY;
				ENABLE_PREVIEWS = YES;
				GENERATE_INFOPLIST_FILE = YES;
				INFOPLIST_FILE = FoundIt/Info.plist;
				INFOPLIST_KEY_NSCameraUsageDescription = "Allow camera access to take photos";
				INFOPLIST_KEY_UIApplicationSceneManifest_Generation = YES;
				INFOPLIST_KEY_UIApplicationSupportsIndirectInputEvents = YES;
				INFOPLIST_KEY_UILaunchScreen_Generation = YES;
				INFOPLIST_KEY_UISupportedInterfaceOrientations = UIInterfaceOrientationPortrait;
				IPHONEOS_DEPLOYMENT_TARGET = 17.0;
				LD_RUNPATH_SEARCH_PATHS = (
					"$(inherited)",
					"@executable_path/Frameworks",
				);
				MARKETING_VERSION = 1.0;
				PRODUCT_BUNDLE_IDENTIFIER = com.tanyaaravind.FoundIt;
				PRODUCT_NAME = "$(TARGET_NAME)";
				SWIFT_EMIT_LOC_STRINGS = YES;
				SWIFT_VERSION = 5.0;
				TARGETED_DEVICE_FAMILY = "1,2";
			};
			name = Release;
		};
/* End XCBuildConfiguration section */

/* Begin XCConfigurationList section */
		CEC157CC2B17C61700B23D14 /* Build configuration list for PBXProject "FoundIt" */ = {
			isa = XCConfigurationList;
			buildConfigurations = (
				CEC157DD2B17C61800B23D14 /* Debug */,
				CEC157DE2B17C61800B23D14 /* Release */,
			);
			defaultConfigurationIsVisible = 0;
			defaultConfigurationName = Release;
		};
		CEC157DF2B17C61800B23D14 /* Build configuration list for PBXNativeTarget "FoundIt" */ = {
			isa = XCConfigurationList;
			buildConfigurations = (
				CEC157E02B17C61800B23D14 /* Debug */,
				CEC157E12B17C61800B23D14 /* Release */,
			);
			defaultConfigurationIsVisible = 0;
			defaultConfigurationName = Release;
		};
/* End XCConfigurationList section */
	};
	rootObject = CEC157C92B17C61700B23D14 /* Project object */;
}
